
Microsoft Visual Studio Solution File, Format Version 11.00
# Visual Studio 2010
Project("{FAE04EC0-301F-11D3-BF4B-00C04F79EFBC}") = "Tuan 2.1", "Tuan 2.1\Tuan 2.1.csproj", "{037E7CC8-6473-4DA7-9C44-F8204F2BBB7B}"
EndProject
Project("{FAE04EC0-301F-11D3-BF4B-00C04F79EFBC}") = "Client", "Client\Client.csproj", "{501532BE-65CB-4FB9-9409-8437BA4FB527}"
EndProject
Global
	GlobalSection(SolutionConfigurationPlatforms) = preSolution
		Debug|x86 = Debug|x86
		Release|x86 = Release|x86
	EndGlobalSection
	GlobalSection(ProjectConfigurationPlatforms) = postSolution
		{037E7CC8-6473-4DA7-9C44-F8204F2BBB7B}.Debug|x86.ActiveCfg = Debug|x86
		{037E7CC8-6473-4DA7-9C44-F8204F2BBB7B}.Debug|x86.Build.0 = Debug|x86
		{037E7CC8-6473-4DA7-9C44-F8204F2BBB7B}.Release|x86.ActiveCfg = Release|x86
		{037E7CC8-6473-4DA7-9C44-F8204F2BBB7B}.Release|x86.Build.0 = Release|x86
		{501532BE-65CB-4FB9-9409-8437BA4FB527}.Debug|x86.ActiveCfg = Debug|x86
		{501532BE-65CB-4FB9-9409-8437BA4FB527}.Debug|x86.Build.0 = Debug|x86
		{501532BE-65CB-4FB9-9409-8437BA4FB527}.Release|x86.ActiveCfg = Release|x86
		{501532BE-65CB-4FB9-9409-8437BA4FB527}.Release|x86.Build.0 = Release|x86
	EndGlobalSection
	GlobalSection(SolutionProperties) = preSolution
		HideSolutionNode = FALSE
	EndGlobalSection
EndGlobal
